// !$*UTF8*$!
{
	archiveVersion = 1;
	classes = {
	};
	objectVersion = 46;
	objects = {

/* Begin PBXBuildFile section */
		DC3A10D81BDE0060003DA25C /* AppDelegate.swift in Sources */ = {isa = PBXBuildFile; fileRef = DC3A10D71BDE0060003DA25C /* AppDelegate.swift */; };
		DC3A10DA1BDE0060003DA25C /* ViewController.swift in Sources */ = {isa = PBXBuildFile; fileRef = DC3A10D91BDE0060003DA25C /* ViewController.swift */; };
		DC3A10DD1BDE0060003DA25C /* Main.storyboard in Resources */ = {isa = PBXBuildFile; fileRef = DC3A10DB1BDE0060003DA25C /* Main.storyboard */; };
		DC3A10DF1BDE0060003DA25C /* Assets.xcassets in Resources */ = {isa = PBXBuildFile; fileRef = DC3A10DE1BDE0060003DA25C /* Assets.xcassets */; };
		DC3A10E21BDE0060003DA25C /* LaunchScreen.storyboard in Resources */ = {isa = PBXBuildFile; fileRef = DC3A10E01BDE0060003DA25C /* LaunchScreen.storyboard */; };
		DC3A10ED1BDE0060003DA25C /* WKCellResponderTests.swift in Sources */ = {isa = PBXBuildFile; fileRef = DC3A10EC1BDE0060003DA25C /* WKCellResponderTests.swift */; };
		DC3A10FD1BDE0086003DA25C /* Interface.storyboard in Resources */ = {isa = PBXBuildFile; fileRef = DC3A10FB1BDE0086003DA25C /* Interface.storyboard */; };
		DC3A10FF1BDE0086003DA25C /* Assets.xcassets in Resources */ = {isa = PBXBuildFile; fileRef = DC3A10FE1BDE0086003DA25C /* Assets.xcassets */; };
		DC3A11061BDE0086003DA25C /* WKCellResponderWatch Extension.appex in Embed App Extensions */ = {isa = PBXBuildFile; fileRef = DC3A11051BDE0086003DA25C /* WKCellResponderWatch Extension.appex */; settings = {ATTRIBUTES = (RemoveHeadersOnCopy, ); }; };
		DC3A110D1BDE0086003DA25C /* InterfaceController.swift in Sources */ = {isa = PBXBuildFile; fileRef = DC3A110C1BDE0086003DA25C /* InterfaceController.swift */; };
		DC3A110F1BDE0086003DA25C /* ExtensionDelegate.swift in Sources */ = {isa = PBXBuildFile; fileRef = DC3A110E1BDE0086003DA25C /* ExtensionDelegate.swift */; };
		DC3A11111BDE0086003DA25C /* NotificationController.swift in Sources */ = {isa = PBXBuildFile; fileRef = DC3A11101BDE0086003DA25C /* NotificationController.swift */; };
		DC3A11131BDE0086003DA25C /* Assets.xcassets in Resources */ = {isa = PBXBuildFile; fileRef = DC3A11121BDE0086003DA25C /* Assets.xcassets */; };
		DC3A11171BDE0086003DA25C /* WKCellResponderWatch.app in Embed Watch Content */ = {isa = PBXBuildFile; fileRef = DC3A10F91BDE0086003DA25C /* WKCellResponderWatch.app */; };
		DC3A11271BDE0448003DA25C /* RowController.swift in Sources */ = {isa = PBXBuildFile; fileRef = DC3A11261BDE0448003DA25C /* RowController.swift */; };
		DC3A11291BDEAB3B003DA25C /* DetailInterfaceController.swift in Sources */ = {isa = PBXBuildFile; fileRef = DC3A11281BDEAB3B003DA25C /* DetailInterfaceController.swift */; };
/* End PBXBuildFile section */

/* Begin PBXContainerItemProxy section */
		DC3A10E91BDE0060003DA25C /* PBXContainerItemProxy */ = {
			isa = PBXContainerItemProxy;
			containerPortal = DC3A10CC1BDE0060003DA25C /* Project object */;
			proxyType = 1;
			remoteGlobalIDString = DC3A10D31BDE0060003DA25C;
			remoteInfo = WKCellResponder;
		};
		DC3A11071BDE0086003DA25C /* PBXContainerItemProxy */ = {
			isa = PBXContainerItemProxy;
			containerPortal = DC3A10CC1BDE0060003DA25C /* Project object */;
			proxyType = 1;
			remoteGlobalIDString = DC3A11041BDE0086003DA25C;
			remoteInfo = "WKCellResponderWatch Extension";
		};
		DC3A11151BDE0086003DA25C /* PBXContainerItemProxy */ = {
			isa = PBXContainerItemProxy;
			containerPortal = DC3A10CC1BDE0060003DA25C /* Project object */;
			proxyType = 1;
			remoteGlobalIDString = DC3A10F81BDE0086003DA25C;
			remoteInfo = WKCellResponderWatch;
		};
/* End PBXContainerItemProxy section */

/* Begin PBXCopyFilesBuildPhase section */
		DC3A111B1BDE0086003DA25C /* Embed App Extensions */ = {
			isa = PBXCopyFilesBuildPhase;
			buildActionMask = 2147483647;
			dstPath = "";
			dstSubfolderSpec = 13;
			files = (
				DC3A11061BDE0086003DA25C /* WKCellResponderWatch Extension.appex in Embed App Extensions */,
			);
			name = "Embed App Extensions";
			runOnlyForDeploymentPostprocessing = 0;
		};
		DC3A111F1BDE0086003DA25C /* Embed Watch Content */ = {
			isa = PBXCopyFilesBuildPhase;
			buildActionMask = 2147483647;
			dstPath = "$(CONTENTS_FOLDER_PATH)/Watch";
			dstSubfolderSpec = 16;
			files = (
				DC3A11171BDE0086003DA25C /* WKCellResponderWatch.app in Embed Watch Content */,
			);
			name = "Embed Watch Content";
			runOnlyForDeploymentPostprocessing = 0;
		};
/* End PBXCopyFilesBuildPhase section */

/* Begin PBXFileReference section */
		DC3A10D41BDE0060003DA25C /* WKCellResponder.app */ = {isa = PBXFileReference; explicitFileType = wrapper.application; includeInIndex = 0; path = WKCellResponder.app; sourceTree = BUILT_PRODUCTS_DIR; };
		DC3A10D71BDE0060003DA25C /* AppDelegate.swift */ = {isa = PBXFileReference; lastKnownFileType = sourcecode.swift; path = AppDelegate.swift; sourceTree = "<group>"; };
		DC3A10D91BDE0060003DA25C /* ViewController.swift */ = {isa = PBXFileReference; lastKnownFileType = sourcecode.swift; path = ViewController.swift; sourceTree = "<group>"; };
		DC3A10DC1BDE0060003DA25C /* Base */ = {isa = PBXFileReference; lastKnownFileType = file.storyboard; name = Base; path = Base.lproj/Main.storyboard; sourceTree = "<group>"; };
		DC3A10DE1BDE0060003DA25C /* Assets.xcassets */ = {isa = PBXFileReference; lastKnownFileType = folder.assetcatalog; path = Assets.xcassets; sourceTree = "<group>"; };
		DC3A10E11BDE0060003DA25C /* Base */ = {isa = PBXFileReference; lastKnownFileType = file.storyboard; name = Base; path = Base.lproj/LaunchScreen.storyboard; sourceTree = "<group>"; };
		DC3A10E31BDE0060003DA25C /* Info.plist */ = {isa = PBXFileReference; lastKnownFileType = text.plist.xml; path = Info.plist; sourceTree = "<group>"; };
		DC3A10E81BDE0060003DA25C /* WKCellResponderTests.xctest */ = {isa = PBXFileReference; explicitFileType = wrapper.cfbundle; includeInIndex = 0; path = WKCellResponderTests.xctest; sourceTree = BUILT_PRODUCTS_DIR; };
		DC3A10EC1BDE0060003DA25C /* WKCellResponderTests.swift */ = {isa = PBXFileReference; lastKnownFileType = sourcecode.swift; path = WKCellResponderTests.swift; sourceTree = "<group>"; };
		DC3A10EE1BDE0060003DA25C /* Info.plist */ = {isa = PBXFileReference; lastKnownFileType = text.plist.xml; path = Info.plist; sourceTree = "<group>"; };
		DC3A10F91BDE0086003DA25C /* WKCellResponderWatch.app */ = {isa = PBXFileReference; explicitFileType = wrapper.application; includeInIndex = 0; path = WKCellResponderWatch.app; sourceTree = BUILT_PRODUCTS_DIR; };
		DC3A10FC1BDE0086003DA25C /* Base */ = {isa = PBXFileReference; lastKnownFileType = file.storyboard; name = Base; path = Base.lproj/Interface.storyboard; sourceTree = "<group>"; };
		DC3A10FE1BDE0086003DA25C /* Assets.xcassets */ = {isa = PBXFileReference; lastKnownFileType = folder.assetcatalog; path = Assets.xcassets; sourceTree = "<group>"; };
		DC3A11001BDE0086003DA25C /* Info.plist */ = {isa = PBXFileReference; lastKnownFileType = text.plist.xml; path = Info.plist; sourceTree = "<group>"; };
		DC3A11051BDE0086003DA25C /* WKCellResponderWatch Extension.appex */ = {isa = PBXFileReference; explicitFileType = "wrapper.app-extension"; includeInIndex = 0; path = "WKCellResponderWatch Extension.appex"; sourceTree = BUILT_PRODUCTS_DIR; };
		DC3A110B1BDE0086003DA25C /* PushNotificationPayload.apns */ = {isa = PBXFileReference; lastKnownFileType = text; path = PushNotificationPayload.apns; sourceTree = "<group>"; };
		DC3A110C1BDE0086003DA25C /* InterfaceController.swift */ = {isa = PBXFileReference; lastKnownFileType = sourcecode.swift; path = InterfaceController.swift; sourceTree = "<group>"; };
		DC3A110E1BDE0086003DA25C /* ExtensionDelegate.swift */ = {isa = PBXFileReference; lastKnownFileType = sourcecode.swift; path = ExtensionDelegate.swift; sourceTree = "<group>"; };
		DC3A11101BDE0086003DA25C /* NotificationController.swift */ = {isa = PBXFileReference; lastKnownFileType = sourcecode.swift; path = NotificationController.swift; sourceTree = "<group>"; };
		DC3A11121BDE0086003DA25C /* Assets.xcassets */ = {isa = PBXFileReference; lastKnownFileType = folder.assetcatalog; path = Assets.xcassets; sourceTree = "<group>"; };
		DC3A11141BDE0086003DA25C /* Info.plist */ = {isa = PBXFileReference; lastKnownFileType = text.plist.xml; path = Info.plist; sourceTree = "<group>"; };
		DC3A11261BDE0448003DA25C /* RowController.swift */ = {isa = PBXFileReference; fileEncoding = 4; lastKnownFileType = sourcecode.swift; path = RowController.swift; sourceTree = "<group>"; };
		DC3A11281BDEAB3B003DA25C /* DetailInterfaceController.swift */ = {isa = PBXFileReference; fileEncoding = 4; lastKnownFileType = sourcecode.swift; path = DetailInterfaceController.swift; sourceTree = "<group>"; };
/* End PBXFileReference section */

/* Begin PBXFrameworksBuildPhase section */
		DC3A10D11BDE0060003DA25C /* Frameworks */ = {
			isa = PBXFrameworksBuildPhase;
			buildActionMask = 2147483647;
			files = (
			);
			runOnlyForDeploymentPostprocessing = 0;
		};
		DC3A10E51BDE0060003DA25C /* Frameworks */ = {
			isa = PBXFrameworksBuildPhase;
			buildActionMask = 2147483647;
			files = (
			);
			runOnlyForDeploymentPostprocessing = 0;
		};
		DC3A11021BDE0086003DA25C /* Frameworks */ = {
			isa = PBXFrameworksBuildPhase;
			buildActionMask = 2147483647;
			files = (
			);
			runOnlyForDeploymentPostprocessing = 0;
		};
/* End PBXFrameworksBuildPhase section */

/* Begin PBXGroup section */
		DC3A10CB1BDE0060003DA25C = {
			isa = PBXGroup;
			children = (
				DC3A10D61BDE0060003DA25C /* WKCellResponder */,
				DC3A10EB1BDE0060003DA25C /* WKCellResponderTests */,
				DC3A10FA1BDE0086003DA25C /* WKCellResponderWatch */,
				DC3A11091BDE0086003DA25C /* WKCellResponderWatch Extension */,
				DC3A10D51BDE0060003DA25C /* Products */,
			);
			sourceTree = "<group>";
		};
		DC3A10D51BDE0060003DA25C /* Products */ = {
			isa = PBXGroup;
			children = (
				DC3A10D41BDE0060003DA25C /* WKCellResponder.app */,
				DC3A10E81BDE0060003DA25C /* WKCellResponderTests.xctest */,
				DC3A10F91BDE0086003DA25C /* WKCellResponderWatch.app */,
				DC3A11051BDE0086003DA25C /* WKCellResponderWatch Extension.appex */,
			);
			name = Products;
			sourceTree = "<group>";
		};
		DC3A10D61BDE0060003DA25C /* WKCellResponder */ = {
			isa = PBXGroup;
			children = (
				DC3A10D71BDE0060003DA25C /* AppDelegate.swift */,
				DC3A10D91BDE0060003DA25C /* ViewController.swift */,
				DC3A10DB1BDE0060003DA25C /* Main.storyboard */,
				DC3A10DE1BDE0060003DA25C /* Assets.xcassets */,
				DC3A10E01BDE0060003DA25C /* LaunchScreen.storyboard */,
				DC3A10E31BDE0060003DA25C /* Info.plist */,
			);
			path = WKCellResponder;
			sourceTree = "<group>";
		};
		DC3A10EB1BDE0060003DA25C /* WKCellResponderTests */ = {
			isa = PBXGroup;
			children = (
				DC3A10EC1BDE0060003DA25C /* WKCellResponderTests.swift */,
				DC3A10EE1BDE0060003DA25C /* Info.plist */,
			);
			path = WKCellResponderTests;
			sourceTree = "<group>";
		};
		DC3A10FA1BDE0086003DA25C /* WKCellResponderWatch */ = {
			isa = PBXGroup;
			children = (
				DC3A10FB1BDE0086003DA25C /* Interface.storyboard */,
				DC3A10FE1BDE0086003DA25C /* Assets.xcassets */,
				DC3A11001BDE0086003DA25C /* Info.plist */,
			);
			path = WKCellResponderWatch;
			sourceTree = "<group>";
		};
		DC3A11091BDE0086003DA25C /* WKCellResponderWatch Extension */ = {
			isa = PBXGroup;
			children = (
				DC3A110C1BDE0086003DA25C /* InterfaceController.swift */,
				DC3A11281BDEAB3B003DA25C /* DetailInterfaceController.swift */,
				DC3A11261BDE0448003DA25C /* RowController.swift */,
				DC3A110E1BDE0086003DA25C /* ExtensionDelegate.swift */,
				DC3A11101BDE0086003DA25C /* NotificationController.swift */,
				DC3A11121BDE0086003DA25C /* Assets.xcassets */,
				DC3A11141BDE0086003DA25C /* Info.plist */,
				DC3A110A1BDE0086003DA25C /* Supporting Files */,
			);
			path = "WKCellResponderWatch Extension";
			sourceTree = "<group>";
		};
		DC3A110A1BDE0086003DA25C /* Supporting Files */ = {
			isa = PBXGroup;
			children = (
				DC3A110B1BDE0086003DA25C /* PushNotificationPayload.apns */,
			);
			name = "Supporting Files";
			sourceTree = "<group>";
		};
/* End PBXGroup section */

/* Begin PBXNativeTarget section */
		DC3A10D31BDE0060003DA25C /* WKCellResponder */ = {
			isa = PBXNativeTarget;
			buildConfigurationList = DC3A10F11BDE0060003DA25C /* Build configuration list for PBXNativeTarget "WKCellResponder" */;
			buildPhases = (
				DC3A10D01BDE0060003DA25C /* Sources */,
				DC3A10D11BDE0060003DA25C /* Frameworks */,
				DC3A10D21BDE0060003DA25C /* Resources */,
				DC3A111F1BDE0086003DA25C /* Embed Watch Content */,
			);
			buildRules = (
			);
			dependencies = (
				DC3A11161BDE0086003DA25C /* PBXTargetDependency */,
			);
			name = WKCellResponder;
			productName = WKCellResponder;
			productReference = DC3A10D41BDE0060003DA25C /* WKCellResponder.app */;
			productType = "com.apple.product-type.application";
		};
		DC3A10E71BDE0060003DA25C /* WKCellResponderTests */ = {
			isa = PBXNativeTarget;
			buildConfigurationList = DC3A10F41BDE0060003DA25C /* Build configuration list for PBXNativeTarget "WKCellResponderTests" */;
			buildPhases = (
				DC3A10E41BDE0060003DA25C /* Sources */,
				DC3A10E51BDE0060003DA25C /* Frameworks */,
				DC3A10E61BDE0060003DA25C /* Resources */,
			);
			buildRules = (
			);
			dependencies = (
				DC3A10EA1BDE0060003DA25C /* PBXTargetDependency */,
			);
			name = WKCellResponderTests;
			productName = WKCellResponderTests;
			productReference = DC3A10E81BDE0060003DA25C /* WKCellResponderTests.xctest */;
			productType = "com.apple.product-type.bundle.unit-test";
		};
		DC3A10F81BDE0086003DA25C /* WKCellResponderWatch */ = {
			isa = PBXNativeTarget;
			buildConfigurationList = DC3A111C1BDE0086003DA25C /* Build configuration list for PBXNativeTarget "WKCellResponderWatch" */;
			buildPhases = (
				DC3A10F71BDE0086003DA25C /* Resources */,
				DC3A111B1BDE0086003DA25C /* Embed App Extensions */,
			);
			buildRules = (
			);
			dependencies = (
				DC3A11081BDE0086003DA25C /* PBXTargetDependency */,
			);
			name = WKCellResponderWatch;
			productName = WKCellResponderWatch;
			productReference = DC3A10F91BDE0086003DA25C /* WKCellResponderWatch.app */;
			productType = "com.apple.product-type.application.watchapp2";
		};
		DC3A11041BDE0086003DA25C /* WKCellResponderWatch Extension */ = {
			isa = PBXNativeTarget;
			buildConfigurationList = DC3A11181BDE0086003DA25C /* Build configuration list for PBXNativeTarget "WKCellResponderWatch Extension" */;
			buildPhases = (
				DC3A11011BDE0086003DA25C /* Sources */,
				DC3A11021BDE0086003DA25C /* Frameworks */,
				DC3A11031BDE0086003DA25C /* Resources */,
			);
			buildRules = (
			);
			dependencies = (
			);
			name = "WKCellResponderWatch Extension";
			productName = "WKCellResponderWatch Extension";
			productReference = DC3A11051BDE0086003DA25C /* WKCellResponderWatch Extension.appex */;
			productType = "com.apple.product-type.watchkit2-extension";
		};
/* End PBXNativeTarget section */

/* Begin PBXProject section */
		DC3A10CC1BDE0060003DA25C /* Project object */ = {
			isa = PBXProject;
			attributes = {
				LastSwiftUpdateCheck = 0710;
				LastUpgradeCheck = 0710;
				ORGANIZATIONNAME = lumiator.technology.com;
				TargetAttributes = {
					DC3A10D31BDE0060003DA25C = {
						CreatedOnToolsVersion = 7.1;
						DevelopmentTeam = W2L76H8G3Y;
					};
					DC3A10E71BDE0060003DA25C = {
						CreatedOnToolsVersion = 7.1;
						TestTargetID = DC3A10D31BDE0060003DA25C;
					};
					DC3A10F81BDE0086003DA25C = {
						CreatedOnToolsVersion = 7.1;
						DevelopmentTeam = W2L76H8G3Y;
					};
					DC3A11041BDE0086003DA25C = {
						CreatedOnToolsVersion = 7.1;
						DevelopmentTeam = W2L76H8G3Y;
					};
				};
			};
			buildConfigurationList = DC3A10CF1BDE0060003DA25C /* Build configuration list for PBXProject "WKCellResponder" */;
			compatibilityVersion = "Xcode 3.2";
			developmentRegion = English;
			hasScannedForEncodings = 0;
			knownRegions = (
				en,
				Base,
			);
			mainGroup = DC3A10CB1BDE0060003DA25C;
			productRefGroup = DC3A10D51BDE0060003DA25C /* Products */;
			projectDirPath = "";
			projectRoot = "";
			targets = (
				DC3A10D31BDE0060003DA25C /* WKCellResponder */,
				DC3A10E71BDE0060003DA25C /* WKCellResponderTests */,
				DC3A10F81BDE0086003DA25C /* WKCellResponderWatch */,
				DC3A11041BDE0086003DA25C /* WKCellResponderWatch Extension */,
			);
		};
/* End PBXProject section */

/* Begin PBXResourcesBuildPhase section */
		DC3A10D21BDE0060003DA25C /* Resources */ = {
			isa = PBXResourcesBuildPhase;
			buildActionMask = 2147483647;
			files = (
				DC3A10E21BDE0060003DA25C /* LaunchScreen.storyboard in Resources */,
				DC3A10DF1BDE0060003DA25C /* Assets.xcassets in Resources */,
				DC3A10DD1BDE0060003DA25C /* Main.storyboard in Resources */,
			);
			runOnlyForDeploymentPostprocessing = 0;
		};
		DC3A10E61BDE0060003DA25C /* Resources */ = {
			isa = PBXResourcesBuildPhase;
			buildActionMask = 2147483647;
			files = (
			);
			runOnlyForDeploymentPostprocessing = 0;
		};
		DC3A10F71BDE0086003DA25C /* Resources */ = {
			isa = PBXResourcesBuildPhase;
			buildActionMask = 2147483647;
			files = (
				DC3A10FF1BDE0086003DA25C /* Assets.xcassets in Resources */,
				DC3A10FD1BDE0086003DA25C /* Interface.storyboard in Resources */,
			);
			runOnlyForDeploymentPostprocessing = 0;
		};
		DC3A11031BDE0086003DA25C /* Resources */ = {
			isa = PBXResourcesBuildPhase;
			buildActionMask = 2147483647;
			files = (
				DC3A11131BDE0086003DA25C /* Assets.xcassets in Resources */,
			);
			runOnlyForDeploymentPostprocessing = 0;
		};
/* End PBXResourcesBuildPhase section */

/* Begin PBXSourcesBuildPhase section */
		DC3A10D01BDE0060003DA25C /* Sources */ = {
			isa = PBXSourcesBuildPhase;
			buildActionMask = 2147483647;
			files = (
				DC3A10DA1BDE0060003DA25C /* ViewController.swift in Sources */,
				DC3A10D81BDE0060003DA25C /* AppDelegate.swift in Sources */,
			);
			runOnlyForDeploymentPostprocessing = 0;
		};
		DC3A10E41BDE0060003DA25C /* Sources */ = {
			isa = PBXSourcesBuildPhase;
			buildActionMask = 2147483647;
			files = (
				DC3A10ED1BDE0060003DA25C /* WKCellResponderTests.swift in Sources */,
			);
			runOnlyForDeploymentPostprocessing = 0;
		};
		DC3A11011BDE0086003DA25C /* Sources */ = {
			isa = PBXSourcesBuildPhase;
			buildActionMask = 2147483647;
			files = (
				DC3A11111BDE0086003DA25C /* NotificationController.swift in Sources */,
				DC3A110F1BDE0086003DA25C /* ExtensionDelegate.swift in Sources */,
				DC3A11271BDE0448003DA25C /* RowController.swift in Sources */,
				DC3A110D1BDE0086003DA25C /* InterfaceController.swift in Sources */,
				DC3A11291BDEAB3B003DA25C /* DetailInterfaceController.swift in Sources */,
			);
			runOnlyForDeploymentPostprocessing = 0;
		};
/* End PBXSourcesBuildPhase section */

/* Begin PBXTargetDependency section */
		DC3A10EA1BDE0060003DA25C /* PBXTargetDependency */ = {
			isa = PBXTargetDependency;
			target = DC3A10D31BDE0060003DA25C /* WKCellResponder */;
			targetProxy = DC3A10E91BDE0060003DA25C /* PBXContainerItemProxy */;
		};
		DC3A11081BDE0086003DA25C /* PBXTargetDependency */ = {
			isa = PBXTargetDependency;
			target = DC3A11041BDE0086003DA25C /* WKCellResponderWatch Extension */;
			targetProxy = DC3A11071BDE0086003DA25C /* PBXContainerItemProxy */;
		};
		DC3A11161BDE0086003DA25C /* PBXTargetDependency */ = {
			isa = PBXTargetDependency;
			target = DC3A10F81BDE0086003DA25C /* WKCellResponderWatch */;
			targetProxy = DC3A11151BDE0086003DA25C /* PBXContainerItemProxy */;
		};
/* End PBXTargetDependency section */

/* Begin PBXVariantGroup section */
		DC3A10DB1BDE0060003DA25C /* Main.storyboard */ = {
			isa = PBXVariantGroup;
			children = (
				DC3A10DC1BDE0060003DA25C /* Base */,
			);
			name = Main.storyboard;
			sourceTree = "<group>";
		};
		DC3A10E01BDE0060003DA25C /* LaunchScreen.storyboard */ = {
			isa = PBXVariantGroup;
			children = (
				DC3A10E11BDE0060003DA25C /* Base */,
			);
			name = LaunchScreen.storyboard;
			sourceTree = "<group>";
		};
		DC3A10FB1BDE0086003DA25C /* Interface.storyboard */ = {
			isa = PBXVariantGroup;
			children = (
				DC3A10FC1BDE0086003DA25C /* Base */,
			);
			name = Interface.storyboard;
			sourceTree = "<group>";
		};
/* End PBXVariantGroup section */

/* Begin XCBuildConfiguration section */
		DC3A10EF1BDE0060003DA25C /* Debug */ = {
			isa = XCBuildConfiguration;
			buildSettings = {
				ALWAYS_SEARCH_USER_PATHS = NO;
				CLANG_CXX_LANGUAGE_STANDARD = "gnu++0x";
				CLANG_CXX_LIBRARY = "libc++";
				CLANG_ENABLE_MODULES = YES;
				CLANG_ENABLE_OBJC_ARC = YES;
				CLANG_WARN_BOOL_CONVERSION = YES;
				CLANG_WARN_CONSTANT_CONVERSION = YES;
				CLANG_WARN_DIRECT_OBJC_ISA_USAGE = YES_ERROR;
				CLANG_WARN_EMPTY_BODY = YES;
				CLANG_WARN_ENUM_CONVERSION = YES;
				CLANG_WARN_INT_CONVERSION = YES;
				CLANG_WARN_OBJC_ROOT_CLASS = YES_ERROR;
				CLANG_WARN_UNREACHABLE_CODE = YES;
				CLANG_WARN__DUPLICATE_METHOD_MATCH = YES;
				"CODE_SIGN_IDENTITY[sdk=iphoneos*]" = "iPhone Developer";
				COPY_PHASE_STRIP = NO;
				DEBUG_INFORMATION_FORMAT = dwarf;
				ENABLE_STRICT_OBJC_MSGSEND = YES;
				ENABLE_TESTABILITY = YES;
				GCC_C_LANGUAGE_STANDARD = gnu99;
				GCC_DYNAMIC_NO_PIC = NO;
				GCC_NO_COMMON_BLOCKS = YES;
				GCC_OPTIMIZATION_LEVEL = 0;
				GCC_PREPROCESSOR_DEFINITIONS = (
					"DEBUG=1",
					"$(inherited)",
				);
				GCC_WARN_64_TO_32_BIT_CONVERSION = YES;
				GCC_WARN_ABOUT_RETURN_TYPE = YES_ERROR;
				GCC_WARN_UNDECLARED_SELECTOR = YES;
				GCC_WARN_UNINITIALIZED_AUTOS = YES_AGGRESSIVE;
				GCC_WARN_UNUSED_FUNCTION = YES;
				GCC_WARN_UNUSED_VARIABLE = YES;
				IPHONEOS_DEPLOYMENT_TARGET = 9.1;
				MTL_ENABLE_DEBUG_INFO = YES;
				ONLY_ACTIVE_ARCH = YES;
				SDKROOT = iphoneos;
				SWIFT_OPTIMIZATION_LEVEL = "-Onone";
			};
			name = Debug;
		};
		DC3A10F01BDE0060003DA25C /* Release */ = {
			isa = XCBuildConfiguration;
			buildSettings = {
				ALWAYS_SEARCH_USER_PATHS = NO;
				CLANG_CXX_LANGUAGE_STANDARD = "gnu++0x";
				CLANG_CXX_LIBRARY = "libc++";
				CLANG_ENABLE_MODULES = YES;
				CLANG_ENABLE_OBJC_ARC = YES;
				CLANG_WARN_BOOL_CONVERSION = YES;
				CLANG_WARN_CONSTANT_CONVERSION = YES;
				CLANG_WARN_DIRECT_OBJC_ISA_USAGE = YES_ERROR;
				CLANG_WARN_EMPTY_BODY = YES;
				CLANG_WARN_ENUM_CONVERSION = YES;
				CLANG_WARN_INT_CONVERSION = YES;
				CLANG_WARN_OBJC_ROOT_CLASS = YES_ERROR;
				CLANG_WARN_UNREACHABLE_CODE = YES;
				CLANG_WARN__DUPLICATE_METHOD_MATCH = YES;
				"CODE_SIGN_IDENTITY[sdk=iphoneos*]" = "iPhone Developer";
				COPY_PHASE_STRIP = NO;
				DEBUG_INFORMATION_FORMAT = "dwarf-with-dsym";
				ENABLE_NS_ASSERTIONS = NO;
				ENABLE_STRICT_OBJC_MSGSEND = YES;
				GCC_C_LANGUAGE_STANDARD = gnu99;
				GCC_NO_COMMON_BLOCKS = YES;
				GCC_WARN_64_TO_32_BIT_CONVERSION = YES;
				GCC_WARN_ABOUT_RETURN_TYPE = YES_ERROR;
				GCC_WARN_UNDECLARED_SELECTOR = YES;
				GCC_WARN_UNINITIALIZED_AUTOS = YES_AGGRESSIVE;
				GCC_WARN_UNUSED_FUNCTION = YES;
				GCC_WARN_UNUSED_VARIABLE = YES;
				IPHONEOS_DEPLOYMENT_TARGET = 9.1;
				MTL_ENABLE_DEBUG_INFO = NO;
				SDKROOT = iphoneos;
				VALIDATE_PRODUCT = YES;
			};
			name = Release;
		};
		DC3A10F21BDE0060003DA25C /* Debug */ = {
			isa = XCBuildConfiguration;
			buildSettings = {
				ASSETCATALOG_COMPILER_APPICON_NAME = AppIcon;
				CODE_SIGN_IDENTITY = "iPhone Developer";
				INFOPLIST_FILE = WKCellResponder/Info.plist;
				LD_RUNPATH_SEARCH_PATHS = "$(inherited) @executable_path/Frameworks";
				PRODUCT_BUNDLE_IDENTIFIER = com.technology.luminator.WKCellResponder;
				PRODUCT_NAME = "$(TARGET_NAME)";
			};
			name = Debug;
		};
		DC3A10F31BDE0060003DA25C /* Release */ = {
			isa = XCBuildConfiguration;
			buildSettings = {
				ASSETCATALOG_COMPILER_APPICON_NAME = AppIcon;
				CODE_SIGN_IDENTITY = "iPhone Developer";
				INFOPLIST_FILE = WKCellResponder/Info.plist;
				LD_RUNPATH_SEARCH_PATHS = "$(inherited) @executable_path/Frameworks";
				PRODUCT_BUNDLE_IDENTIFIER = com.technology.luminator.WKCellResponder;
				PRODUCT_NAME = "$(TARGET_NAME)";
			};
			name = Release;
		};
		DC3A10F51BDE0060003DA25C /* Debug */ = {
			isa = XCBuildConfiguration;
			buildSettings = {
				BUNDLE_LOADER = "$(TEST_HOST)";
				INFOPLIST_FILE = WKCellResponderTests/Info.plist;
				LD_RUNPATH_SEARCH_PATHS = "$(inherited) @executable_path/Frameworks @loader_path/Frameworks";
				PRODUCT_BUNDLE_IDENTIFIER = com.technology.luminator.WKCellResponderTests;
				PRODUCT_NAME = "$(TARGET_NAME)";
				TEST_HOST = "$(BUILT_PRODUCTS_DIR)/WKCellResponder.app/WKCellResponder";
			};
			name = Debug;
		};
		DC3A10F61BDE0060003DA25C /* Release */ = {
			isa = XCBuildConfiguration;
			buildSettings = {
				BUNDLE_LOADER = "$(TEST_HOST)";
				INFOPLIST_FILE = WKCellResponderTests/Info.plist;
				LD_RUNPATH_SEARCH_PATHS = "$(inherited) @executable_path/Frameworks @loader_path/Frameworks";
				PRODUCT_BUNDLE_IDENTIFIER = com.technology.luminator.WKCellResponderTests;
				PRODUCT_NAME = "$(TARGET_NAME)";
				TEST_HOST = "$(BUILT_PRODUCTS_DIR)/WKCellResponder.app/WKCellResponder";
			};
			name = Release;
		};
		DC3A11191BDE0086003DA25C /* Debug */ = {
			isa = XCBuildConfiguration;
			buildSettings = {
				CODE_SIGN_IDENTITY = "iPhone Developer";
				INFOPLIST_FILE = "WKCellResponderWatch Extension/Info.plist";
				LD_RUNPATH_SEARCH_PATHS = "$(inherited) @executable_path/Frameworks @executable_path/../../Frameworks";
				PRODUCT_BUNDLE_IDENTIFIER = com.technology.luminator.WKCellResponder.watchkitapp.watchkitextension;
				PRODUCT_NAME = "${TARGET_NAME}";
				SDKROOT = watchos;
				SKIP_INSTALL = YES;
				TARGETED_DEVICE_FAMILY = 4;
				WATCHOS_DEPLOYMENT_TARGET = 2.0;
			};
			name = Debug;
		};
		DC3A111A1BDE0086003DA25C /* Release */ = {
			isa = XCBuildConfiguration;
			buildSettings = {
				CODE_SIGN_IDENTITY = "iPhone Developer";
				INFOPLIST_FILE = "WKCellResponderWatch Extension/Info.plist";
				LD_RUNPATH_SEARCH_PATHS = "$(inherited) @executable_path/Frameworks @executable_path/../../Frameworks";
				PRODUCT_BUNDLE_IDENTIFIER = com.technology.luminator.WKCellResponder.watchkitapp.watchkitextension;
				PRODUCT_NAME = "${TARGET_NAME}";
				SDKROOT = watchos;
				SKIP_INSTALL = YES;
				TARGETED_DEVICE_FAMILY = 4;
				WATCHOS_DEPLOYMENT_TARGET = 2.0;
			};
			name = Release;
		};
		DC3A111D1BDE0086003DA25C /* Debug */ = {
			isa = XCBuildConfiguration;
			buildSettings = {
				ASSETCATALOG_COMPILER_APPICON_NAME = AppIcon;
				CODE_SIGN_IDENTITY = "iPhone Developer";
				EMBEDDED_CONTENT_CONTAINS_SWIFT = YES;
				IBSC_MODULE = WKCellResponderWatch_Extension;
				INFOPLIST_FILE = WKCellResponderWatch/Info.plist;
				PRODUCT_BUNDLE_IDENTIFIER = com.technology.luminator.WKCellResponder.watchkitapp;
				PRODUCT_NAME = "$(TARGET_NAME)";
				SDKROOT = watchos;
				SKIP_INSTALL = YES;
				TARGETED_DEVICE_FAMILY = 4;
				WATCHOS_DEPLOYMENT_TARGET = 2.0;
			};
			name = Debug;
		};
		DC3A111E1BDE0086003DA25C /* Release */ = {
			isa = XCBuildConfiguration;
			buildSettings = {
				ASSETCATALOG_COMPILER_APPICON_NAME = AppIcon;
				CODE_SIGN_IDENTITY = "iPhone Developer";
				EMBEDDED_CONTENT_CONTAINS_SWIFT = YES;
				IBSC_MODULE = WKCellResponderWatch_Extension;
				INFOPLIST_FILE = WKCellResponderWatch/Info.plist;
				PRODUCT_BUNDLE_IDENTIFIER = com.technology.luminator.WKCellResponder.watchkitapp;
				PRODUCT_NAME = "$(TARGET_NAME)";
				SDKROOT = watchos;
				SKIP_INSTALL = YES;
				TARGETED_DEVICE_FAMILY = 4;
				WATCHOS_DEPLOYMENT_TARGET = 2.0;
			};
			name = Release;
		};
/* End XCBuildConfiguration section */

/* Begin XCConfigurationList section */
		DC3A10CF1BDE0060003DA25C /* Build configuration list for PBXProject "WKCellResponder" */ = {
			isa = XCConfigurationList;
			buildConfigurations = (
				DC3A10EF1BDE0060003DA25C /* Debug */,
				DC3A10F01BDE0060003DA25C /* Release */,
			);
			defaultConfigurationIsVisible = 0;
			defaultConfigurationName = Release;
		};
		DC3A10F11BDE0060003DA25C /* Build configuration list for PBXNativeTarget "WKCellResponder" */ = {
			isa = XCConfigurationList;
			buildConfigurations = (
				DC3A10F21BDE0060003DA25C /* Debug */,
				DC3A10F31BDE0060003DA25C /* Release */,
			);
			defaultConfigurationIsVisible = 0;
		};
		DC3A10F41BDE0060003DA25C /* Build configuration list for PBXNativeTarget "WKCellResponderTests" */ = {
			isa = XCConfigurationList;
			buildConfigurations = (
				DC3A10F51BDE0060003DA25C /* Debug */,
				DC3A10F61BDE0060003DA25C /* Release */,
			);
			defaultConfigurationIsVisible = 0;
		};
		DC3A11181BDE0086003DA25C /* Build configuration list for PBXNativeTarget "WKCellResponderWatch Extension" */ = {
			isa = XCConfigurationList;
			buildConfigurations = (
				DC3A11191BDE0086003DA25C /* Debug */,
				DC3A111A1BDE0086003DA25C /* Release */,
			);
			defaultConfigurationIsVisible = 0;
		};
		DC3A111C1BDE0086003DA25C /* Build configuration list for PBXNativeTarget "WKCellResponderWatch" */ = {
			isa = XCConfigurationList;
			buildConfigurations = (
				DC3A111D1BDE0086003DA25C /* Debug */,
				DC3A111E1BDE0086003DA25C /* Release */,
			);
			defaultConfigurationIsVisible = 0;
		};
/* End XCConfigurationList section */
	};
	rootObject = DC3A10CC1BDE0060003DA25C /* Project object */;
}
